
Microsoft Visual Studio Solution File, Format Version 12.00
# Visual Studio Version 17
VisualStudioVersion = 17.3.32804.467
MinimumVisualStudioVersion = 10.0.40219.1
Project("{FAE04EC0-301F-11D3-BF4B-00C04F79EFBC}") = "API_Task", "API_Task\API_Task.csproj", "{017DA89A-45AB-4BC3-B1CE-9252A6D9CE7D}"
EndProject
Global
	GlobalSection(SolutionConfigurationPlatforms) = preSolution
		Debug|Any CPU = Debug|Any CPU
		Release|Any CPU = Release|Any CPU
	EndGlobalSection
	GlobalSection(ProjectConfigurationPlatforms) = postSolution
		{017DA89A-45AB-4BC3-B1CE-9252A6D9CE7D}.Debug|Any CPU.ActiveCfg = Debug|Any CPU
		{017DA89A-45AB-4BC3-B1CE-9252A6D9CE7D}.Debug|Any CPU.Build.0 = Debug|Any CPU
		{017DA89A-45AB-4BC3-B1CE-9252A6D9CE7D}.Release|Any CPU.ActiveCfg = Release|Any CPU
		{017DA89A-45AB-4BC3-B1CE-9252A6D9CE7D}.Release|Any CPU.Build.0 = Release|Any CPU
	EndGlobalSection
	GlobalSection(SolutionProperties) = preSolution
		HideSolutionNode = FALSE
	EndGlobalSection
	GlobalSection(ExtensibilityGlobals) = postSolution
		SolutionGuid = {0B820039-8400-42A9-BCD6-2AE9431ECD54}
	EndGlobalSection
EndGlobal
